
Microsoft Visual Studio Solution File, Format Version 12.00
# Visual Studio Version 17
VisualStudioVersion = 17.14.37012.4 d17.14
MinimumVisualStudioVersion = 10.0.40219.1
Project("{FAE04EC0-301F-11D3-BF4B-00C04F79EFBC}") = "BlockChain", "BlockChain\BlockChain.csproj", "{F5C27815-DD92-4D61-A829-96D6B7ABE32E}"
EndProject
Global
	GlobalSection(SolutionConfigurationPlatforms) = preSolution
		Debug|Any CPU = Debug|Any CPU
		Release|Any CPU = Release|Any CPU
	EndGlobalSection
	GlobalSection(ProjectConfigurationPlatforms) = postSolution
		{F5C27815-DD92-4D61-A829-96D6B7ABE32E}.Debug|Any CPU.ActiveCfg = Debug|Any CPU
		{F5C27815-DD92-4D61-A829-96D6B7ABE32E}.Debug|Any CPU.Build.0 = Debug|Any CPU
		{F5C27815-DD92-4D61-A829-96D6B7ABE32E}.Release|Any CPU.ActiveCfg = Release|Any CPU
		{F5C27815-DD92-4D61-A829-96D6B7ABE32E}.Release|Any CPU.Build.0 = Release|Any CPU
	EndGlobalSection
	GlobalSection(SolutionProperties) = preSolution
		HideSolutionNode = FALSE
	EndGlobalSection
	GlobalSection(ExtensibilityGlobals) = postSolution
		SolutionGuid = {67AE3444-505D-41AC-B4FC-D3D197E6E156}
	EndGlobalSection
EndGlobal
